
Microsoft Visual Studio Solution File, Format Version 12.00
# Visual Studio 15
VisualStudioVersion = 15.0.28307.1622
MinimumVisualStudioVersion = 10.0.40219.1
Project("{FAE04EC0-301F-11D3-BF4B-00C04F79EFBC}") = "UserInterface", "UserInterface\UserInterface.csproj", "{A627C197-795E-4AF7-B3AA-127797DE04BE}"
EndProject
Project("{FAE04EC0-301F-11D3-BF4B-00C04F79EFBC}") = "CoreLibrary", "CoreLibrary\CoreLibrary.csproj", "{90C23753-2A1C-4F04-A4E7-3B12CE02FA7F}"
EndProject
Project("{FAE04EC0-301F-11D3-BF4B-00C04F79EFBC}") = "UserService", "UserService\UserService.csproj", "{81FCB3E0-A6C3-4FBB-9E73-90A8C711831C}"
EndProject
Project("{FAE04EC0-301F-11D3-BF4B-00C04F79EFBC}") = "DataCache", "DataCache\DataCache.csproj", "{6F9A999D-0FDD-467D-8331-05AC21E033B6}"
EndProject
Project("{FAE04EC0-301F-11D3-BF4B-00C04F79EFBC}") = "Modeling", "Modeling\Modeling.csproj", "{B195C5BF-431E-4828-86F1-F638F131EA43}"
EndProject
Project("{FAE04EC0-301F-11D3-BF4B-00C04F79EFBC}") = "Interfaces", "ModelAbstraction\Interfaces.csproj", "{DF41DBB7-27CE-4385-A0CD-1F298EAC4A06}"
EndProject
Project("{FAE04EC0-301F-11D3-BF4B-00C04F79EFBC}") = "XmlDataSource", "XmlDataSource\XmlDataSource.csproj", "{120DC4D4-FB79-4C36-AB02-A47CEE84C7C4}"
EndProject
Project("{2150E333-8FDC-42A3-9474-1A3956D46DE8}") = "Libraries", "Libraries", "{47242FF6-BD28-4828-9B30-79959F8966FA}"
EndProject
Project("{FAE04EC0-301F-11D3-BF4B-00C04F79EFBC}") = "AppCore", "ApplicationCentre\AppCore.csproj", "{D544AF89-205D-48BB-BF81-FF93D9A43692}"
EndProject
Project("{FAE04EC0-301F-11D3-BF4B-00C04F79EFBC}") = "ClientService", "ClientService\ClientService.csproj", "{2EC19893-87BD-41AA-A165-BF544D2A1BCB}"
EndProject
Project("{2150E333-8FDC-42A3-9474-1A3956D46DE8}") = "Existing", "Existing", "{26FD080E-E99E-4465-93FA-36C1203211CE}"
EndProject
Project("{2150E333-8FDC-42A3-9474-1A3956D46DE8}") = "UI", "UI", "{8EF0245D-1A2C-4A68-A25B-33DBE30289B7}"
EndProject
Project("{FAE04EC0-301F-11D3-BF4B-00C04F79EFBC}") = "Shared", "Common\Shared.csproj", "{B7C3BA24-B4CC-49D7-B9D5-9371A1CA02DD}"
EndProject
Project("{FAE04EC0-301F-11D3-BF4B-00C04F79EFBC}") = "Drafting", "Drafting\Drafting.csproj", "{38DD4B4A-716D-4D0D-AD6C-9AFFEDB3F964}"
EndProject
Project("{2150E333-8FDC-42A3-9474-1A3956D46DE8}") = "UnitTests", "UnitTests", "{E01D98B2-1E6D-46CB-AF92-5CF9EF326DE0}"
EndProject
Project("{FAE04EC0-301F-11D3-BF4B-00C04F79EFBC}") = "UT_Controllers", "UT_Controllers\UT_Controllers.csproj", "{D58485C2-8F8F-4695-B18C-2D15315B7C58}"
EndProject
Global
	GlobalSection(SolutionConfigurationPlatforms) = preSolution
		Debug|Any CPU = Debug|Any CPU
		Release|Any CPU = Release|Any CPU
	EndGlobalSection
	GlobalSection(ProjectConfigurationPlatforms) = postSolution
		{A627C197-795E-4AF7-B3AA-127797DE04BE}.Debug|Any CPU.ActiveCfg = Debug|Any CPU
		{A627C197-795E-4AF7-B3AA-127797DE04BE}.Debug|Any CPU.Build.0 = Debug|Any CPU
		{A627C197-795E-4AF7-B3AA-127797DE04BE}.Release|Any CPU.ActiveCfg = Release|Any CPU
		{A627C197-795E-4AF7-B3AA-127797DE04BE}.Release|Any CPU.Build.0 = Release|Any CPU
		{90C23753-2A1C-4F04-A4E7-3B12CE02FA7F}.Debug|Any CPU.ActiveCfg = Debug|Any CPU
		{90C23753-2A1C-4F04-A4E7-3B12CE02FA7F}.Debug|Any CPU.Build.0 = Debug|Any CPU
		{90C23753-2A1C-4F04-A4E7-3B12CE02FA7F}.Release|Any CPU.ActiveCfg = Release|Any CPU
		{90C23753-2A1C-4F04-A4E7-3B12CE02FA7F}.Release|Any CPU.Build.0 = Release|Any CPU
		{81FCB3E0-A6C3-4FBB-9E73-90A8C711831C}.Debug|Any CPU.ActiveCfg = Debug|Any CPU
		{81FCB3E0-A6C3-4FBB-9E73-90A8C711831C}.Debug|Any CPU.Build.0 = Debug|Any CPU
		{81FCB3E0-A6C3-4FBB-9E73-90A8C711831C}.Release|Any CPU.ActiveCfg = Release|Any CPU
		{81FCB3E0-A6C3-4FBB-9E73-90A8C711831C}.Release|Any CPU.Build.0 = Release|Any CPU
		{6F9A999D-0FDD-467D-8331-05AC21E033B6}.Debug|Any CPU.ActiveCfg = Debug|Any CPU
		{6F9A999D-0FDD-467D-8331-05AC21E033B6}.Debug|Any CPU.Build.0 = Debug|Any CPU
		{6F9A999D-0FDD-467D-8331-05AC21E033B6}.Release|Any CPU.ActiveCfg = Release|Any CPU
		{6F9A999D-0FDD-467D-8331-05AC21E033B6}.Release|Any CPU.Build.0 = Release|Any CPU
		{B195C5BF-431E-4828-86F1-F638F131EA43}.Debug|Any CPU.ActiveCfg = Debug|Any CPU
		{B195C5BF-431E-4828-86F1-F638F131EA43}.Debug|Any CPU.Build.0 = Debug|Any CPU
		{B195C5BF-431E-4828-86F1-F638F131EA43}.Release|Any CPU.ActiveCfg = Release|Any CPU
		{B195C5BF-431E-4828-86F1-F638F131EA43}.Release|Any CPU.Build.0 = Release|Any CPU
		{DF41DBB7-27CE-4385-A0CD-1F298EAC4A06}.Debug|Any CPU.ActiveCfg = Debug|Any CPU
		{DF41DBB7-27CE-4385-A0CD-1F298EAC4A06}.Debug|Any CPU.Build.0 = Debug|Any CPU
		{DF41DBB7-27CE-4385-A0CD-1F298EAC4A06}.Release|Any CPU.ActiveCfg = Release|Any CPU
		{DF41DBB7-27CE-4385-A0CD-1F298EAC4A06}.Release|Any CPU.Build.0 = Release|Any CPU
		{120DC4D4-FB79-4C36-AB02-A47CEE84C7C4}.Debug|Any CPU.ActiveCfg = Debug|Any CPU
		{120DC4D4-FB79-4C36-AB02-A47CEE84C7C4}.Debug|Any CPU.Build.0 = Debug|Any CPU
		{120DC4D4-FB79-4C36-AB02-A47CEE84C7C4}.Release|Any CPU.ActiveCfg = Release|Any CPU
		{120DC4D4-FB79-4C36-AB02-A47CEE84C7C4}.Release|Any CPU.Build.0 = Release|Any CPU
		{D544AF89-205D-48BB-BF81-FF93D9A43692}.Debug|Any CPU.ActiveCfg = Debug|Any CPU
		{D544AF89-205D-48BB-BF81-FF93D9A43692}.Debug|Any CPU.Build.0 = Debug|Any CPU
		{D544AF89-205D-48BB-BF81-FF93D9A43692}.Release|Any CPU.ActiveCfg = Release|Any CPU
		{D544AF89-205D-48BB-BF81-FF93D9A43692}.Release|Any CPU.Build.0 = Release|Any CPU
		{2EC19893-87BD-41AA-A165-BF544D2A1BCB}.Debug|Any CPU.ActiveCfg = Debug|Any CPU
		{2EC19893-87BD-41AA-A165-BF544D2A1BCB}.Debug|Any CPU.Build.0 = Debug|Any CPU
		{2EC19893-87BD-41AA-A165-BF544D2A1BCB}.Release|Any CPU.ActiveCfg = Release|Any CPU
		{2EC19893-87BD-41AA-A165-BF544D2A1BCB}.Release|Any CPU.Build.0 = Release|Any CPU
		{B7C3BA24-B4CC-49D7-B9D5-9371A1CA02DD}.Debug|Any CPU.ActiveCfg = Debug|Any CPU
		{B7C3BA24-B4CC-49D7-B9D5-9371A1CA02DD}.Debug|Any CPU.Build.0 = Debug|Any CPU
		{B7C3BA24-B4CC-49D7-B9D5-9371A1CA02DD}.Release|Any CPU.ActiveCfg = Release|Any CPU
		{B7C3BA24-B4CC-49D7-B9D5-9371A1CA02DD}.Release|Any CPU.Build.0 = Release|Any CPU
		{38DD4B4A-716D-4D0D-AD6C-9AFFEDB3F964}.Debug|Any CPU.ActiveCfg = Debug|Any CPU
		{38DD4B4A-716D-4D0D-AD6C-9AFFEDB3F964}.Debug|Any CPU.Build.0 = Debug|Any CPU
		{38DD4B4A-716D-4D0D-AD6C-9AFFEDB3F964}.Release|Any CPU.ActiveCfg = Release|Any CPU
		{38DD4B4A-716D-4D0D-AD6C-9AFFEDB3F964}.Release|Any CPU.Build.0 = Release|Any CPU
		{D58485C2-8F8F-4695-B18C-2D15315B7C58}.Debug|Any CPU.ActiveCfg = Debug|Any CPU
		{D58485C2-8F8F-4695-B18C-2D15315B7C58}.Debug|Any CPU.Build.0 = Debug|Any CPU
		{D58485C2-8F8F-4695-B18C-2D15315B7C58}.Release|Any CPU.ActiveCfg = Release|Any CPU
		{D58485C2-8F8F-4695-B18C-2D15315B7C58}.Release|Any CPU.Build.0 = Release|Any CPU
	EndGlobalSection
	GlobalSection(SolutionProperties) = preSolution
		HideSolutionNode = FALSE
	EndGlobalSection
	GlobalSection(NestedProjects) = preSolution
		{A627C197-795E-4AF7-B3AA-127797DE04BE} = {8EF0245D-1A2C-4A68-A25B-33DBE30289B7}
		{90C23753-2A1C-4F04-A4E7-3B12CE02FA7F} = {26FD080E-E99E-4465-93FA-36C1203211CE}
		{81FCB3E0-A6C3-4FBB-9E73-90A8C711831C} = {26FD080E-E99E-4465-93FA-36C1203211CE}
		{6F9A999D-0FDD-467D-8331-05AC21E033B6} = {26FD080E-E99E-4465-93FA-36C1203211CE}
		{B195C5BF-431E-4828-86F1-F638F131EA43} = {47242FF6-BD28-4828-9B30-79959F8966FA}
		{DF41DBB7-27CE-4385-A0CD-1F298EAC4A06} = {47242FF6-BD28-4828-9B30-79959F8966FA}
		{120DC4D4-FB79-4C36-AB02-A47CEE84C7C4} = {47242FF6-BD28-4828-9B30-79959F8966FA}
		{D544AF89-205D-48BB-BF81-FF93D9A43692} = {47242FF6-BD28-4828-9B30-79959F8966FA}
		{2EC19893-87BD-41AA-A165-BF544D2A1BCB} = {47242FF6-BD28-4828-9B30-79959F8966FA}
		{B7C3BA24-B4CC-49D7-B9D5-9371A1CA02DD} = {47242FF6-BD28-4828-9B30-79959F8966FA}
		{38DD4B4A-716D-4D0D-AD6C-9AFFEDB3F964} = {47242FF6-BD28-4828-9B30-79959F8966FA}
		{D58485C2-8F8F-4695-B18C-2D15315B7C58} = {E01D98B2-1E6D-46CB-AF92-5CF9EF326DE0}
	EndGlobalSection
	GlobalSection(ExtensibilityGlobals) = postSolution
		SolutionGuid = {E9F8D276-37EB-44B5-87CB-F0F160F7C0C2}
	EndGlobalSection
EndGlobal
